
Microsoft Visual Studio Solution File, Format Version 12.00
# Visual Studio Version 17
VisualStudioVersion = 17.4.33205.214
MinimumVisualStudioVersion = 10.0.40219.1
Project("{8BC9CEB8-8B4A-11D0-8D11-00A0C91BC942}") = "01", "01\01.vcxproj", "{819D4E7D-EC87-44AC-90F6-FFB4382B505C}"
EndProject
Global
	GlobalSection(SolutionConfigurationPlatforms) = preSolution
		Debug|x64 = Debug|x64
		Debug|x86 = Debug|x86
		Release|x64 = Release|x64
		Release|x86 = Release|x86
	EndGlobalSection
	GlobalSection(ProjectConfigurationPlatforms) = postSolution
		{819D4E7D-EC87-44AC-90F6-FFB4382B505C}.Debug|x64.ActiveCfg = Debug|x64
		{819D4E7D-EC87-44AC-90F6-FFB4382B505C}.Debug|x64.Build.0 = Debug|x64
		{819D4E7D-EC87-44AC-90F6-FFB4382B505C}.Debug|x86.ActiveCfg = Debug|Win32
		{819D4E7D-EC87-44AC-90F6-FFB4382B505C}.Debug|x86.Build.0 = Debug|Win32
		{819D4E7D-EC87-44AC-90F6-FFB4382B505C}.Release|x64.ActiveCfg = Release|x64
		{819D4E7D-EC87-44AC-90F6-FFB4382B505C}.Release|x64.Build.0 = Release|x64
		{819D4E7D-EC87-44AC-90F6-FFB4382B505C}.Release|x86.ActiveCfg = Release|Win32
		{819D4E7D-EC87-44AC-90F6-FFB4382B505C}.Release|x86.Build.0 = Release|Win32
	EndGlobalSection
	GlobalSection(SolutionProperties) = preSolution
		HideSolutionNode = FALSE
	EndGlobalSection
	GlobalSection(ExtensibilityGlobals) = postSolution
		SolutionGuid = {77D89349-24D8-4C4E-AE0B-D183428A070A}
	EndGlobalSection
EndGlobal
